
Microsoft Visual Studio Solution File, Format Version 12.00
# Visual Studio Version 17
VisualStudioVersion = 17.10.35004.147
MinimumVisualStudioVersion = 10.0.40219.1
Project("{FAE04EC0-301F-11D3-BF4B-00C04F79EFBC}") = "MobileProjectAPIs", "MobileProjectAPIs\MobileProjectAPIs.csproj", "{45B67EC4-DF1B-41FB-823E-69095B7ADA4A}"
EndProject
Project("{FAE04EC0-301F-11D3-BF4B-00C04F79EFBC}") = "MobileProjectAPIs.Core", "MobileProjectAPIs.Core\MobileProjectAPIs.Core.csproj", "{F67D11A0-FDF0-4D98-9F23-B2814DB9DB14}"
EndProject
Project("{FAE04EC0-301F-11D3-BF4B-00C04F79EFBC}") = "MobileProjectAPIs.Repository", "MobileProjectAPIs.Repository\MobileProjectAPIs.Repository.csproj", "{74988E42-2518-4E9D-B0C1-AAD153FB6293}"
EndProject
Global
	GlobalSection(SolutionConfigurationPlatforms) = preSolution
		Debug|Any CPU = Debug|Any CPU
		Release|Any CPU = Release|Any CPU
	EndGlobalSection
	GlobalSection(ProjectConfigurationPlatforms) = postSolution
		{45B67EC4-DF1B-41FB-823E-69095B7ADA4A}.Debug|Any CPU.ActiveCfg = Debug|Any CPU
		{45B67EC4-DF1B-41FB-823E-69095B7ADA4A}.Debug|Any CPU.Build.0 = Debug|Any CPU
		{45B67EC4-DF1B-41FB-823E-69095B7ADA4A}.Release|Any CPU.ActiveCfg = Release|Any CPU
		{45B67EC4-DF1B-41FB-823E-69095B7ADA4A}.Release|Any CPU.Build.0 = Release|Any CPU
		{F67D11A0-FDF0-4D98-9F23-B2814DB9DB14}.Debug|Any CPU.ActiveCfg = Debug|Any CPU
		{F67D11A0-FDF0-4D98-9F23-B2814DB9DB14}.Debug|Any CPU.Build.0 = Debug|Any CPU
		{F67D11A0-FDF0-4D98-9F23-B2814DB9DB14}.Release|Any CPU.ActiveCfg = Release|Any CPU
		{F67D11A0-FDF0-4D98-9F23-B2814DB9DB14}.Release|Any CPU.Build.0 = Release|Any CPU
		{74988E42-2518-4E9D-B0C1-AAD153FB6293}.Debug|Any CPU.ActiveCfg = Debug|Any CPU
		{74988E42-2518-4E9D-B0C1-AAD153FB6293}.Debug|Any CPU.Build.0 = Debug|Any CPU
		{74988E42-2518-4E9D-B0C1-AAD153FB6293}.Release|Any CPU.ActiveCfg = Release|Any CPU
		{74988E42-2518-4E9D-B0C1-AAD153FB6293}.Release|Any CPU.Build.0 = Release|Any CPU
	EndGlobalSection
	GlobalSection(SolutionProperties) = preSolution
		HideSolutionNode = FALSE
	EndGlobalSection
	GlobalSection(ExtensibilityGlobals) = postSolution
		SolutionGuid = {90B9C573-2BD5-46A7-9C24-C96A896B99B4}
	EndGlobalSection
EndGlobal
